PODS:
  - GoogleMaps (6.0.1):
    - GoogleMaps/Maps (= 6.0.1)
  - GoogleMaps/Base (6.0.1)
  - GoogleMaps/Maps (6.0.1):
    - GoogleMaps/Base
  - SideMenu (6.5.0)

DEPENDENCIES:
  - GoogleMaps
  - SideMenu

SPEC REPOS:
  trunk:
    - GoogleMaps
    - SideMenu

SPEC CHECKSUMS:
  GoogleMaps: c213fc2334b7374144cede914da779b99be0ab74
  SideMenu: f583187d21c5b1dd04c72002be544b555a2627a2

PODFILE CHECKSUM: 298d412ca83644c5b97a893ccc38e404cb161f91

COCOAPODS: 1.11.2
