// !$*UTF8*$!
{
	archiveVersion = 1;
	classes = {
	};
	objectVersion = 55;
	objects = {

/* Begin PBXBuildFile section */
		87E8ECE61BE2402E55171E3B /* Pods_MemeMove.framework in Frameworks */ = {isa = PBXBuildFile; fileRef = 15F70B66089E161B904D12E7 /* Pods_MemeMove.framework */; };
		93172D4B27E9ACCA00A56476 /* SideMenuViewController.swift in Sources */ = {isa = PBXBuildFile; fileRef = 93172D4A27E9ACCA00A56476 /* SideMenuViewController.swift */; };
		93172D4D27E9FD0000A56476 /* HomeViewController.swift in Sources */ = {isa = PBXBuildFile; fileRef = 93172D4C27E9FD0000A56476 /* HomeViewController.swift */; };
		9329BC3927F1A3B400D3461C /* VehicleTypeCollectionViewCell.swift in Sources */ = {isa = PBXBuildFile; fileRef = 9329BC3827F1A3B400D3461C /* VehicleTypeCollectionViewCell.swift */; };
		933D479827E1A56800954445 /* LoginViewController.swift in Sources */ = {isa = PBXBuildFile; fileRef = 933D479727E1A56800954445 /* LoginViewController.swift */; };
		933D479A27E1B48C00954445 /* RegistrationViewController.swift in Sources */ = {isa = PBXBuildFile; fileRef = 933D479927E1B48C00954445 /* RegistrationViewController.swift */; };
		933D479C27E1C0F500954445 /* ForgotPasswordViewController.swift in Sources */ = {isa = PBXBuildFile; fileRef = 933D479B27E1C0F500954445 /* ForgotPasswordViewController.swift */; };
		933D479E27E1C88500954445 /* GeneratePasswordViewController.swift in Sources */ = {isa = PBXBuildFile; fileRef = 933D479D27E1C88500954445 /* GeneratePasswordViewController.swift */; };
		933D47A027E1E53C00954445 /* OTPViewController.swift in Sources */ = {isa = PBXBuildFile; fileRef = 933D479F27E1E53C00954445 /* OTPViewController.swift */; };
		93401E7F282CDC6E00A3DF86 /* PackageContentTableViewCell.swift in Sources */ = {isa = PBXBuildFile; fileRef = 93401E7E282CDC6E00A3DF86 /* PackageContentTableViewCell.swift */; };
		934CC76B282D203000EB86FC /* TimeOfDeliveryViewController.swift in Sources */ = {isa = PBXBuildFile; fileRef = 934CC76A282D203000EB86FC /* TimeOfDeliveryViewController.swift */; };
		93506A0727F584CE007D2032 /* SelectPackageContentViewController.swift in Sources */ = {isa = PBXBuildFile; fileRef = 93506A0627F584CE007D2032 /* SelectPackageContentViewController.swift */; };
		9373A54427EDC00100BC1651 /* AddAddressDetailViewController.swift in Sources */ = {isa = PBXBuildFile; fileRef = 9373A54327EDC00100BC1651 /* AddAddressDetailViewController.swift */; };
		9382AD0227F45E26009E0287 /* PaymentViewController.swift in Sources */ = {isa = PBXBuildFile; fileRef = 9382AD0127F45E26009E0287 /* PaymentViewController.swift */; };
		9384204D27F19D2500E02609 /* SelectVehicleTypeViewController.swift in Sources */ = {isa = PBXBuildFile; fileRef = 9384204C27F19D2500E02609 /* SelectVehicleTypeViewController.swift */; };
		93D13ACD27FD805000BE3ECE /* GlobalMethod.swift in Sources */ = {isa = PBXBuildFile; fileRef = 93D13ACC27FD805000BE3ECE /* GlobalMethod.swift */; };
		93D13ACF27FD830100BE3ECE /* GlobalStruct.swift in Sources */ = {isa = PBXBuildFile; fileRef = 93D13ACE27FD830100BE3ECE /* GlobalStruct.swift */; };
		93D13AD127FD838600BE3ECE /* URLConstants.swift in Sources */ = {isa = PBXBuildFile; fileRef = 93D13AD027FD838600BE3ECE /* URLConstants.swift */; };
		93E1925027EC3F8600587666 /* DeliveryPackageViewController.swift in Sources */ = {isa = PBXBuildFile; fileRef = 93E1924F27EC3F8600587666 /* DeliveryPackageViewController.swift */; };
		93E1925227EC618B00587666 /* ConfirmLocationViewController.swift in Sources */ = {isa = PBXBuildFile; fileRef = 93E1925127EC618B00587666 /* ConfirmLocationViewController.swift */; };
		93E1925427EC7A6B00587666 /* GoogleService-Info.plist in Resources */ = {isa = PBXBuildFile; fileRef = 93E1925327EC7A6B00587666 /* GoogleService-Info.plist */; };
		93E8D40327E0736C00D6B8E8 /* AppDelegate.swift in Sources */ = {isa = PBXBuildFile; fileRef = 93E8D40227E0736C00D6B8E8 /* AppDelegate.swift */; };
		93E8D40527E0736C00D6B8E8 /* SceneDelegate.swift in Sources */ = {isa = PBXBuildFile; fileRef = 93E8D40427E0736C00D6B8E8 /* SceneDelegate.swift */; };
		93E8D40727E0736C00D6B8E8 /* ViewController.swift in Sources */ = {isa = PBXBuildFile; fileRef = 93E8D40627E0736C00D6B8E8 /* ViewController.swift */; };
		93E8D40A27E0736C00D6B8E8 /* Main.storyboard in Resources */ = {isa = PBXBuildFile; fileRef = 93E8D40827E0736C00D6B8E8 /* Main.storyboard */; };
		93E8D40C27E0736D00D6B8E8 /* Assets.xcassets in Resources */ = {isa = PBXBuildFile; fileRef = 93E8D40B27E0736D00D6B8E8 /* Assets.xcassets */; };
		93E8D40F27E0736D00D6B8E8 /* LaunchScreen.storyboard in Resources */ = {isa = PBXBuildFile; fileRef = 93E8D40D27E0736D00D6B8E8 /* LaunchScreen.storyboard */; };
		93E8D41727E0839100D6B8E8 /* MessengerTRANS.gif in Resources */ = {isa = PBXBuildFile; fileRef = 93E8D41627E0839100D6B8E8 /* MessengerTRANS.gif */; };
		93E8D41927E0856600D6B8E8 /* iOSDevCenters+GIF.swift in Sources */ = {isa = PBXBuildFile; fileRef = 93E8D41827E0856600D6B8E8 /* iOSDevCenters+GIF.swift */; };
/* End PBXBuildFile section */

/* Begin PBXFileReference section */
		15F70B66089E161B904D12E7 /* Pods_MemeMove.framework */ = {isa = PBXFileReference; explicitFileType = wrapper.framework; includeInIndex = 0; path = Pods_MemeMove.framework; sourceTree = BUILT_PRODUCTS_DIR; };
		370A0E31BD48E9E3DE71EFE0 /* Pods-MemeMove.debug.xcconfig */ = {isa = PBXFileReference; includeInIndex = 1; lastKnownFileType = text.xcconfig; name = "Pods-MemeMove.debug.xcconfig"; path = "Target Support Files/Pods-MemeMove/Pods-MemeMove.debug.xcconfig"; sourceTree = "<group>"; };
		93172D4A27E9ACCA00A56476 /* SideMenuViewController.swift */ = {isa = PBXFileReference; lastKnownFileType = sourcecode.swift; path = SideMenuViewController.swift; sourceTree = "<group>"; };
		93172D4C27E9FD0000A56476 /* HomeViewController.swift */ = {isa = PBXFileReference; lastKnownFileType = sourcecode.swift; path = HomeViewController.swift; sourceTree = "<group>"; };
		9329BC3827F1A3B400D3461C /* VehicleTypeCollectionViewCell.swift */ = {isa = PBXFileReference; lastKnownFileType = sourcecode.swift; path = VehicleTypeCollectionViewCell.swift; sourceTree = "<group>"; };
		933D479727E1A56800954445 /* LoginViewController.swift */ = {isa = PBXFileReference; lastKnownFileType = sourcecode.swift; path = LoginViewController.swift; sourceTree = "<group>"; };
		933D479927E1B48C00954445 /* RegistrationViewController.swift */ = {isa = PBXFileReference; lastKnownFileType = sourcecode.swift; path = RegistrationViewController.swift; sourceTree = "<group>"; };
		933D479B27E1C0F500954445 /* ForgotPasswordViewController.swift */ = {isa = PBXFileReference; lastKnownFileType = sourcecode.swift; path = ForgotPasswordViewController.swift; sourceTree = "<group>"; };
		933D479D27E1C88500954445 /* GeneratePasswordViewController.swift */ = {isa = PBXFileReference; lastKnownFileType = sourcecode.swift; path = GeneratePasswordViewController.swift; sourceTree = "<group>"; };
		933D479F27E1E53C00954445 /* OTPViewController.swift */ = {isa = PBXFileReference; lastKnownFileType = sourcecode.swift; path = OTPViewController.swift; sourceTree = "<group>"; };
		93401E7E282CDC6E00A3DF86 /* PackageContentTableViewCell.swift */ = {isa = PBXFileReference; lastKnownFileType = sourcecode.swift; path = PackageContentTableViewCell.swift; sourceTree = "<group>"; };
		934CC76A282D203000EB86FC /* TimeOfDeliveryViewController.swift */ = {isa = PBXFileReference; lastKnownFileType = sourcecode.swift; path = TimeOfDeliveryViewController.swift; sourceTree = "<group>"; };
		93506A0627F584CE007D2032 /* SelectPackageContentViewController.swift */ = {isa = PBXFileReference; lastKnownFileType = sourcecode.swift; path = SelectPackageContentViewController.swift; sourceTree = "<group>"; wrapsLines = 0; };
		9373A54327EDC00100BC1651 /* AddAddressDetailViewController.swift */ = {isa = PBXFileReference; lastKnownFileType = sourcecode.swift; path = AddAddressDetailViewController.swift; sourceTree = "<group>"; };
		9382AD0127F45E26009E0287 /* PaymentViewController.swift */ = {isa = PBXFileReference; lastKnownFileType = sourcecode.swift; path = PaymentViewController.swift; sourceTree = "<group>"; };
		9384204C27F19D2500E02609 /* SelectVehicleTypeViewController.swift */ = {isa = PBXFileReference; lastKnownFileType = sourcecode.swift; path = SelectVehicleTypeViewController.swift; sourceTree = "<group>"; };
		93D13ACC27FD805000BE3ECE /* GlobalMethod.swift */ = {isa = PBXFileReference; lastKnownFileType = sourcecode.swift; path = GlobalMethod.swift; sourceTree = "<group>"; };
		93D13ACE27FD830100BE3ECE /* GlobalStruct.swift */ = {isa = PBXFileReference; lastKnownFileType = sourcecode.swift; path = GlobalStruct.swift; sourceTree = "<group>"; };
		93D13AD027FD838600BE3ECE /* URLConstants.swift */ = {isa = PBXFileReference; lastKnownFileType = sourcecode.swift; path = URLConstants.swift; sourceTree = "<group>"; };
		93E1924F27EC3F8600587666 /* DeliveryPackageViewController.swift */ = {isa = PBXFileReference; lastKnownFileType = sourcecode.swift; path = DeliveryPackageViewController.swift; sourceTree = "<group>"; };
		93E1925127EC618B00587666 /* ConfirmLocationViewController.swift */ = {isa = PBXFileReference; lastKnownFileType = sourcecode.swift; path = ConfirmLocationViewController.swift; sourceTree = "<group>"; };
		93E1925327EC7A6B00587666 /* GoogleService-Info.plist */ = {isa = PBXFileReference; fileEncoding = 4; lastKnownFileType = text.plist.xml; path = "GoogleService-Info.plist"; sourceTree = "<group>"; };
		93E8D3FF27E0736C00D6B8E8 /* MemeMove.app */ = {isa = PBXFileReference; explicitFileType = wrapper.application; includeInIndex = 0; path = MemeMove.app; sourceTree = BUILT_PRODUCTS_DIR; };
		93E8D40227E0736C00D6B8E8 /* AppDelegate.swift */ = {isa = PBXFileReference; lastKnownFileType = sourcecode.swift; path = AppDelegate.swift; sourceTree = "<group>"; };
		93E8D40427E0736C00D6B8E8 /* SceneDelegate.swift */ = {isa = PBXFileReference; lastKnownFileType = sourcecode.swift; path = SceneDelegate.swift; sourceTree = "<group>"; };
		93E8D40627E0736C00D6B8E8 /* ViewController.swift */ = {isa = PBXFileReference; lastKnownFileType = sourcecode.swift; path = ViewController.swift; sourceTree = "<group>"; };
		93E8D40927E0736C00D6B8E8 /* Base */ = {isa = PBXFileReference; lastKnownFileType = file.storyboard; name = Base; path = Base.lproj/Main.storyboard; sourceTree = "<group>"; };
		93E8D40B27E0736D00D6B8E8 /* Assets.xcassets */ = {isa = PBXFileReference; lastKnownFileType = folder.assetcatalog; path = Assets.xcassets; sourceTree = "<group>"; };
		93E8D40E27E0736D00D6B8E8 /* Base */ = {isa = PBXFileReference; lastKnownFileType = file.storyboard; name = Base; path = Base.lproj/LaunchScreen.storyboard; sourceTree = "<group>"; };
		93E8D41627E0839100D6B8E8 /* MessengerTRANS.gif */ = {isa = PBXFileReference; lastKnownFileType = image.gif; path = MessengerTRANS.gif; sourceTree = "<group>"; };
		93E8D41827E0856600D6B8E8 /* iOSDevCenters+GIF.swift */ = {isa = PBXFileReference; fileEncoding = 4; lastKnownFileType = sourcecode.swift; path = "iOSDevCenters+GIF.swift"; sourceTree = "<group>"; };
		BC6467566B310DF6589E7219 /* Pods-MemeMove.release.xcconfig */ = {isa = PBXFileReference; includeInIndex = 1; lastKnownFileType = text.xcconfig; name = "Pods-MemeMove.release.xcconfig"; path = "Target Support Files/Pods-MemeMove/Pods-MemeMove.release.xcconfig"; sourceTree = "<group>"; };
/* End PBXFileReference section */

/* Begin PBXFrameworksBuildPhase section */
		93E8D3FC27E0736C00D6B8E8 /* Frameworks */ = {
			isa = PBXFrameworksBuildPhase;
			buildActionMask = 2147483647;
			files = (
				87E8ECE61BE2402E55171E3B /* Pods_MemeMove.framework in Frameworks */,
			);
			runOnlyForDeploymentPostprocessing = 0;
		};
/* End PBXFrameworksBuildPhase section */

/* Begin PBXGroup section */
		48B03F45F971534BC2F69F83 /* Frameworks */ = {
			isa = PBXGroup;
			children = (
				15F70B66089E161B904D12E7 /* Pods_MemeMove.framework */,
			);
			name = Frameworks;
			sourceTree = "<group>";
		};
		4CC34242556D41A5C249F61E /* Pods */ = {
			isa = PBXGroup;
			children = (
				370A0E31BD48E9E3DE71EFE0 /* Pods-MemeMove.debug.xcconfig */,
				BC6467566B310DF6589E7219 /* Pods-MemeMove.release.xcconfig */,
			);
			path = Pods;
			sourceTree = "<group>";
		};
		93506A0827F59DC2007D2032 /* Select Vehicle Type */ = {
			isa = PBXGroup;
			children = (
				9329BC3827F1A3B400D3461C /* VehicleTypeCollectionViewCell.swift */,
				9384204C27F19D2500E02609 /* SelectVehicleTypeViewController.swift */,
			);
			path = "Select Vehicle Type";
			sourceTree = "<group>";
		};
		93506A0927F59E2A007D2032 /* AddAddressDetail */ = {
			isa = PBXGroup;
			children = (
				9373A54327EDC00100BC1651 /* AddAddressDetailViewController.swift */,
			);
			path = AddAddressDetail;
			sourceTree = "<group>";
		};
		93506A0A27F59E4B007D2032 /* SelectPackageContent */ = {
			isa = PBXGroup;
			children = (
				93401E7E282CDC6E00A3DF86 /* PackageContentTableViewCell.swift */,
				93506A0627F584CE007D2032 /* SelectPackageContentViewController.swift */,
			);
			path = SelectPackageContent;
			sourceTree = "<group>";
		};
		93506A0B27F59EC3007D2032 /* EstimateFair */ = {
			isa = PBXGroup;
			children = (
				9382AD0127F45E26009E0287 /* PaymentViewController.swift */,
			);
			path = EstimateFair;
			sourceTree = "<group>";
		};
		93E1925527EC84BF00587666 /* Controller */ = {
			isa = PBXGroup;
			children = (
				93E1926027EC869D00587666 /* Meme Move */,
				93E1925627EC84D300587666 /* Login */,
				93E1925727EC84E800587666 /* Registration */,
				93E1925927EC852200587666 /* OTP  */,
				93E1925A27EC854300587666 /* Forgot Password */,
				93E1925B27EC855D00587666 /* Generate Password */,
				93E1925827EC850700587666 /* Home */,
				93E1925C27EC857D00587666 /* Sidemenu Navigation */,
				93506A0927F59E2A007D2032 /* AddAddressDetail */,
				93E1925D27EC85AB00587666 /* Confirm Delivery Location */,
				93E1925E27EC85F500587666 /* Package Content */,
				93506A0A27F59E4B007D2032 /* SelectPackageContent */,
				93506A0827F59DC2007D2032 /* Select Vehicle Type */,
				93506A0B27F59EC3007D2032 /* EstimateFair */,
			);
			path = Controller;
			sourceTree = "<group>";
		};
		93E1925627EC84D300587666 /* Login */ = {
			isa = PBXGroup;
			children = (
				933D479727E1A56800954445 /* LoginViewController.swift */,
			);
			path = Login;
			sourceTree = "<group>";
		};
		93E1925727EC84E800587666 /* Registration */ = {
			isa = PBXGroup;
			children = (
				933D479927E1B48C00954445 /* RegistrationViewController.swift */,
			);
			path = Registration;
			sourceTree = "<group>";
		};
		93E1925827EC850700587666 /* Home */ = {
			isa = PBXGroup;
			children = (
				934CC76A282D203000EB86FC /* TimeOfDeliveryViewController.swift */,
				93172D4C27E9FD0000A56476 /* HomeViewController.swift */,
			);
			path = Home;
			sourceTree = "<group>";
		};
		93E1925927EC852200587666 /* OTP  */ = {
			isa = PBXGroup;
			children = (
				933D479F27E1E53C00954445 /* OTPViewController.swift */,
			);
			path = "OTP ";
			sourceTree = "<group>";
		};
		93E1925A27EC854300587666 /* Forgot Password */ = {
			isa = PBXGroup;
			children = (
				933D479B27E1C0F500954445 /* ForgotPasswordViewController.swift */,
			);
			path = "Forgot Password";
			sourceTree = "<group>";
		};
		93E1925B27EC855D00587666 /* Generate Password */ = {
			isa = PBXGroup;
			children = (
				933D479D27E1C88500954445 /* GeneratePasswordViewController.swift */,
			);
			path = "Generate Password";
			sourceTree = "<group>";
		};
		93E1925C27EC857D00587666 /* Sidemenu Navigation */ = {
			isa = PBXGroup;
			children = (
				93172D4A27E9ACCA00A56476 /* SideMenuViewController.swift */,
			);
			path = "Sidemenu Navigation";
			sourceTree = "<group>";
		};
		93E1925D27EC85AB00587666 /* Confirm Delivery Location */ = {
			isa = PBXGroup;
			children = (
				93E1925127EC618B00587666 /* ConfirmLocationViewController.swift */,
			);
			path = "Confirm Delivery Location";
			sourceTree = "<group>";
		};
		93E1925E27EC85F500587666 /* Package Content */ = {
			isa = PBXGroup;
			children = (
				93E1924F27EC3F8600587666 /* DeliveryPackageViewController.swift */,
			);
			path = "Package Content";
			sourceTree = "<group>";
		};
		93E1925F27EC865400587666 /* GIF */ = {
			isa = PBXGroup;
			children = (
				93E8D41827E0856600D6B8E8 /* iOSDevCenters+GIF.swift */,
			);
			path = GIF;
			sourceTree = "<group>";
		};
		93E1926027EC869D00587666 /* Meme Move */ = {
			isa = PBXGroup;
			children = (
				93E8D40627E0736C00D6B8E8 /* ViewController.swift */,
			);
			path = "Meme Move";
			sourceTree = "<group>";
		};
		93E8D3F627E0736C00D6B8E8 = {
			isa = PBXGroup;
			children = (
				93E8D40127E0736C00D6B8E8 /* MemeMove */,
				93E8D40027E0736C00D6B8E8 /* Products */,
				4CC34242556D41A5C249F61E /* Pods */,
				48B03F45F971534BC2F69F83 /* Frameworks */,
			);
			sourceTree = "<group>";
		};
		93E8D40027E0736C00D6B8E8 /* Products */ = {
			isa = PBXGroup;
			children = (
				93E8D3FF27E0736C00D6B8E8 /* MemeMove.app */,
			);
			name = Products;
			sourceTree = "<group>";
		};
		93E8D40127E0736C00D6B8E8 /* MemeMove */ = {
			isa = PBXGroup;
			children = (
				93E8D40227E0736C00D6B8E8 /* AppDelegate.swift */,
				93E8D40427E0736C00D6B8E8 /* SceneDelegate.swift */,
				93E8D40827E0736C00D6B8E8 /* Main.storyboard */,
				93D13ACC27FD805000BE3ECE /* GlobalMethod.swift */,
				93D13AD027FD838600BE3ECE /* URLConstants.swift */,
				93D13ACE27FD830100BE3ECE /* GlobalStruct.swift */,
				93E1925527EC84BF00587666 /* Controller */,
				93E8D40B27E0736D00D6B8E8 /* Assets.xcassets */,
				93E8D40D27E0736D00D6B8E8 /* LaunchScreen.storyboard */,
				93E1925327EC7A6B00587666 /* GoogleService-Info.plist */,
				93E1925F27EC865400587666 /* GIF */,
				93E8D41627E0839100D6B8E8 /* MessengerTRANS.gif */,
			);
			path = MemeMove;
			sourceTree = "<group>";
		};
/* End PBXGroup section */

/* Begin PBXNativeTarget section */
		93E8D3FE27E0736C00D6B8E8 /* MemeMove */ = {
			isa = PBXNativeTarget;
			buildConfigurationList = 93E8D41327E0736D00D6B8E8 /* Build configuration list for PBXNativeTarget "MemeMove" */;
			buildPhases = (
				210B954E19E93FEC4CD11F7F /* [CP] Check Pods Manifest.lock */,
				93E8D3FB27E0736C00D6B8E8 /* Sources */,
				93E8D3FC27E0736C00D6B8E8 /* Frameworks */,
				93E8D3FD27E0736C00D6B8E8 /* Resources */,
				471A30F6A2028FCDB335B66D /* [CP] Embed Pods Frameworks */,
				A7E64DA59E20DFDB217893CE /* [CP] Copy Pods Resources */,
			);
			buildRules = (
			);
			dependencies = (
			);
			name = MemeMove;
			productName = MemeMove;
			productReference = 93E8D3FF27E0736C00D6B8E8 /* MemeMove.app */;
			productType = "com.apple.product-type.application";
		};
/* End PBXNativeTarget section */

/* Begin PBXProject section */
		93E8D3F727E0736C00D6B8E8 /* Project object */ = {
			isa = PBXProject;
			attributes = {
				BuildIndependentTargetsInParallel = 1;
				LastSwiftUpdateCheck = 1320;
				LastUpgradeCheck = 1320;
				TargetAttributes = {
					93E8D3FE27E0736C00D6B8E8 = {
						CreatedOnToolsVersion = 13.2.1;
					};
				};
			};
			buildConfigurationList = 93E8D3FA27E0736C00D6B8E8 /* Build configuration list for PBXProject "MemeMove" */;
			compatibilityVersion = "Xcode 13.0";
			developmentRegion = en;
			hasScannedForEncodings = 0;
			knownRegions = (
				en,
				Base,
			);
			mainGroup = 93E8D3F627E0736C00D6B8E8;
			productRefGroup = 93E8D40027E0736C00D6B8E8 /* Products */;
			projectDirPath = "";
			projectRoot = "";
			targets = (
				93E8D3FE27E0736C00D6B8E8 /* MemeMove */,
			);
		};
/* End PBXProject section */

/* Begin PBXResourcesBuildPhase section */
		93E8D3FD27E0736C00D6B8E8 /* Resources */ = {
			isa = PBXResourcesBuildPhase;
			buildActionMask = 2147483647;
			files = (
				93E8D40F27E0736D00D6B8E8 /* LaunchScreen.storyboard in Resources */,
				93E8D40C27E0736D00D6B8E8 /* Assets.xcassets in Resources */,
				93E1925427EC7A6B00587666 /* GoogleService-Info.plist in Resources */,
				93E8D40A27E0736C00D6B8E8 /* Main.storyboard in Resources */,
				93E8D41727E0839100D6B8E8 /* MessengerTRANS.gif in Resources */,
			);
			runOnlyForDeploymentPostprocessing = 0;
		};
/* End PBXResourcesBuildPhase section */

/* Begin PBXShellScriptBuildPhase section */
		210B954E19E93FEC4CD11F7F /* [CP] Check Pods Manifest.lock */ = {
			isa = PBXShellScriptBuildPhase;
			buildActionMask = 2147483647;
			files = (
			);
			inputFileListPaths = (
			);
			inputPaths = (
				"${PODS_PODFILE_DIR_PATH}/Podfile.lock",
				"${PODS_ROOT}/Manifest.lock",
			);
			name = "[CP] Check Pods Manifest.lock";
			outputFileListPaths = (
			);
			outputPaths = (
				"$(DERIVED_FILE_DIR)/Pods-MemeMove-checkManifestLockResult.txt",
			);
			runOnlyForDeploymentPostprocessing = 0;
			shellPath = /bin/sh;
			shellScript = "diff \"${PODS_PODFILE_DIR_PATH}/Podfile.lock\" \"${PODS_ROOT}/Manifest.lock\" > /dev/null\nif [ $? != 0 ] ; then\n    # print error to STDERR\n    echo \"error: The sandbox is not in sync with the Podfile.lock. Run 'pod install' or update your CocoaPods installation.\" >&2\n    exit 1\nfi\n# This output is used by Xcode 'outputs' to avoid re-running this script phase.\necho \"SUCCESS\" > \"${SCRIPT_OUTPUT_FILE_0}\"\n";
			showEnvVarsInLog = 0;
		};
		471A30F6A2028FCDB335B66D /* [CP] Embed Pods Frameworks */ = {
			isa = PBXShellScriptBuildPhase;
			buildActionMask = 2147483647;
			files = (
			);
			inputFileListPaths = (
				"${PODS_ROOT}/Target Support Files/Pods-MemeMove/Pods-MemeMove-frameworks-${CONFIGURATION}-input-files.xcfilelist",
			);
			name = "[CP] Embed Pods Frameworks";
			outputFileListPaths = (
				"${PODS_ROOT}/Target Support Files/Pods-MemeMove/Pods-MemeMove-frameworks-${CONFIGURATION}-output-files.xcfilelist",
			);
			runOnlyForDeploymentPostprocessing = 0;
			shellPath = /bin/sh;
			shellScript = "\"${PODS_ROOT}/Target Support Files/Pods-MemeMove/Pods-MemeMove-frameworks.sh\"\n";
			showEnvVarsInLog = 0;
		};
		A7E64DA59E20DFDB217893CE /* [CP] Copy Pods Resources */ = {
			isa = PBXShellScriptBuildPhase;
			buildActionMask = 2147483647;
			files = (
			);
			inputFileListPaths = (
				"${PODS_ROOT}/Target Support Files/Pods-MemeMove/Pods-MemeMove-resources-${CONFIGURATION}-input-files.xcfilelist",
			);
			name = "[CP] Copy Pods Resources";
			outputFileListPaths = (
				"${PODS_ROOT}/Target Support Files/Pods-MemeMove/Pods-MemeMove-resources-${CONFIGURATION}-output-files.xcfilelist",
			);
			runOnlyForDeploymentPostprocessing = 0;
			shellPath = /bin/sh;
			shellScript = "\"${PODS_ROOT}/Target Support Files/Pods-MemeMove/Pods-MemeMove-resources.sh\"\n";
			showEnvVarsInLog = 0;
		};
/* End PBXShellScriptBuildPhase section */

/* Begin PBXSourcesBuildPhase section */
		93E8D3FB27E0736C00D6B8E8 /* Sources */ = {
			isa = PBXSourcesBuildPhase;
			buildActionMask = 2147483647;
			files = (
				933D479A27E1B48C00954445 /* RegistrationViewController.swift in Sources */,
				933D479C27E1C0F500954445 /* ForgotPasswordViewController.swift in Sources */,
				93E8D40727E0736C00D6B8E8 /* ViewController.swift in Sources */,
				933D47A027E1E53C00954445 /* OTPViewController.swift in Sources */,
				93E8D41927E0856600D6B8E8 /* iOSDevCenters+GIF.swift in Sources */,
				93E1925227EC618B00587666 /* ConfirmLocationViewController.swift in Sources */,
				933D479E27E1C88500954445 /* GeneratePasswordViewController.swift in Sources */,
				93506A0727F584CE007D2032 /* SelectPackageContentViewController.swift in Sources */,
				9382AD0227F45E26009E0287 /* PaymentViewController.swift in Sources */,
				93D13AD127FD838600BE3ECE /* URLConstants.swift in Sources */,
				93E8D40327E0736C00D6B8E8 /* AppDelegate.swift in Sources */,
				934CC76B282D203000EB86FC /* TimeOfDeliveryViewController.swift in Sources */,
				9373A54427EDC00100BC1651 /* AddAddressDetailViewController.swift in Sources */,
				93D13ACF27FD830100BE3ECE /* GlobalStruct.swift in Sources */,
				93172D4D27E9FD0000A56476 /* HomeViewController.swift in Sources */,
				933D479827E1A56800954445 /* LoginViewController.swift in Sources */,
				9384204D27F19D2500E02609 /* SelectVehicleTypeViewController.swift in Sources */,
				93E1925027EC3F8600587666 /* DeliveryPackageViewController.swift in Sources */,
				93172D4B27E9ACCA00A56476 /* SideMenuViewController.swift in Sources */,
				93401E7F282CDC6E00A3DF86 /* PackageContentTableViewCell.swift in Sources */,
				93E8D40527E0736C00D6B8E8 /* SceneDelegate.swift in Sources */,
				9329BC3927F1A3B400D3461C /* VehicleTypeCollectionViewCell.swift in Sources */,
				93D13ACD27FD805000BE3ECE /* GlobalMethod.swift in Sources */,
			);
			runOnlyForDeploymentPostprocessing = 0;
		};
/* End PBXSourcesBuildPhase section */

/* Begin PBXVariantGroup section */
		93E8D40827E0736C00D6B8E8 /* Main.storyboard */ = {
			isa = PBXVariantGroup;
			children = (
				93E8D40927E0736C00D6B8E8 /* Base */,
			);
			name = Main.storyboard;
			sourceTree = "<group>";
		};
		93E8D40D27E0736D00D6B8E8 /* LaunchScreen.storyboard */ = {
			isa = PBXVariantGroup;
			children = (
				93E8D40E27E0736D00D6B8E8 /* Base */,
			);
			name = LaunchScreen.storyboard;
			sourceTree = "<group>";
		};
/* End PBXVariantGroup section */

/* Begin XCBuildConfiguration section */
		93E8D41127E0736D00D6B8E8 /* Debug */ = {
			isa = XCBuildConfiguration;
			buildSettings = {
				ALWAYS_SEARCH_USER_PATHS = NO;
				CLANG_ANALYZER_NONNULL = YES;
				CLANG_ANALYZER_NUMBER_OBJECT_CONVERSION = YES_AGGRESSIVE;
				CLANG_CXX_LANGUAGE_STANDARD = "gnu++17";
				CLANG_CXX_LIBRARY = "libc++";
				CLANG_ENABLE_MODULES = YES;
				CLANG_ENABLE_OBJC_ARC = YES;
				CLANG_ENABLE_OBJC_WEAK = YES;
				CLANG_WARN_BLOCK_CAPTURE_AUTORELEASING = YES;
				CLANG_WARN_BOOL_CONVERSION = YES;
				CLANG_WARN_COMMA = YES;
				CLANG_WARN_CONSTANT_CONVERSION = YES;
				CLANG_WARN_DEPRECATED_OBJC_IMPLEMENTATIONS = YES;
				CLANG_WARN_DIRECT_OBJC_ISA_USAGE = YES_ERROR;
				CLANG_WARN_DOCUMENTATION_COMMENTS = YES;
				CLANG_WARN_EMPTY_BODY = YES;
				CLANG_WARN_ENUM_CONVERSION = YES;
				CLANG_WARN_INFINITE_RECURSION = YES;
				CLANG_WARN_INT_CONVERSION = YES;
				CLANG_WARN_NON_LITERAL_NULL_CONVERSION = YES;
				CLANG_WARN_OBJC_IMPLICIT_RETAIN_SELF = YES;
				CLANG_WARN_OBJC_LITERAL_CONVERSION = YES;
				CLANG_WARN_OBJC_ROOT_CLASS = YES_ERROR;
				CLANG_WARN_QUOTED_INCLUDE_IN_FRAMEWORK_HEADER = YES;
				CLANG_WARN_RANGE_LOOP_ANALYSIS = YES;
				CLANG_WARN_STRICT_PROTOTYPES = YES;
				CLANG_WARN_SUSPICIOUS_MOVE = YES;
				CLANG_WARN_UNGUARDED_AVAILABILITY = YES_AGGRESSIVE;
				CLANG_WARN_UNREACHABLE_CODE = YES;
				CLANG_WARN__DUPLICATE_METHOD_MATCH = YES;
				COPY_PHASE_STRIP = NO;
				DEBUG_INFORMATION_FORMAT = dwarf;
				ENABLE_STRICT_OBJC_MSGSEND = YES;
				ENABLE_TESTABILITY = YES;
				GCC_C_LANGUAGE_STANDARD = gnu11;
				GCC_DYNAMIC_NO_PIC = NO;
				GCC_NO_COMMON_BLOCKS = YES;
				GCC_OPTIMIZATION_LEVEL = 0;
				GCC_PREPROCESSOR_DEFINITIONS = (
					"DEBUG=1",
					"$(inherited)",
				);
				GCC_WARN_64_TO_32_BIT_CONVERSION = YES;
				GCC_WARN_ABOUT_RETURN_TYPE = YES_ERROR;
				GCC_WARN_UNDECLARED_SELECTOR = YES;
				GCC_WARN_UNINITIALIZED_AUTOS = YES_AGGRESSIVE;
				GCC_WARN_UNUSED_FUNCTION = YES;
				GCC_WARN_UNUSED_VARIABLE = YES;
				IPHONEOS_DEPLOYMENT_TARGET = 15.2;
				MTL_ENABLE_DEBUG_INFO = INCLUDE_SOURCE;
				MTL_FAST_MATH = YES;
				ONLY_ACTIVE_ARCH = YES;
				SDKROOT = iphoneos;
				SWIFT_ACTIVE_COMPILATION_CONDITIONS = DEBUG;
				SWIFT_OPTIMIZATION_LEVEL = "-Onone";
			};
			name = Debug;
		};
		93E8D41227E0736D00D6B8E8 /* Release */ = {
			isa = XCBuildConfiguration;
			buildSettings = {
				ALWAYS_SEARCH_USER_PATHS = NO;
				CLANG_ANALYZER_NONNULL = YES;
				CLANG_ANALYZER_NUMBER_OBJECT_CONVERSION = YES_AGGRESSIVE;
				CLANG_CXX_LANGUAGE_STANDARD = "gnu++17";
				CLANG_CXX_LIBRARY = "libc++";
				CLANG_ENABLE_MODULES = YES;
				CLANG_ENABLE_OBJC_ARC = YES;
				CLANG_ENABLE_OBJC_WEAK = YES;
				CLANG_WARN_BLOCK_CAPTURE_AUTORELEASING = YES;
				CLANG_WARN_BOOL_CONVERSION = YES;
				CLANG_WARN_COMMA = YES;
				CLANG_WARN_CONSTANT_CONVERSION = YES;
				CLANG_WARN_DEPRECATED_OBJC_IMPLEMENTATIONS = YES;
				CLANG_WARN_DIRECT_OBJC_ISA_USAGE = YES_ERROR;
				CLANG_WARN_DOCUMENTATION_COMMENTS = YES;
				CLANG_WARN_EMPTY_BODY = YES;
				CLANG_WARN_ENUM_CONVERSION = YES;
				CLANG_WARN_INFINITE_RECURSION = YES;
				CLANG_WARN_INT_CONVERSION = YES;
				CLANG_WARN_NON_LITERAL_NULL_CONVERSION = YES;
				CLANG_WARN_OBJC_IMPLICIT_RETAIN_SELF = YES;
				CLANG_WARN_OBJC_LITERAL_CONVERSION = YES;
				CLANG_WARN_OBJC_ROOT_CLASS = YES_ERROR;
				CLANG_WARN_QUOTED_INCLUDE_IN_FRAMEWORK_HEADER = YES;
				CLANG_WARN_RANGE_LOOP_ANALYSIS = YES;
				CLANG_WARN_STRICT_PROTOTYPES = YES;
				CLANG_WARN_SUSPICIOUS_MOVE = YES;
				CLANG_WARN_UNGUARDED_AVAILABILITY = YES_AGGRESSIVE;
				CLANG_WARN_UNREACHABLE_CODE = YES;
				CLANG_WARN__DUPLICATE_METHOD_MATCH = YES;
				COPY_PHASE_STRIP = NO;
				DEBUG_INFORMATION_FORMAT = "dwarf-with-dsym";
				ENABLE_NS_ASSERTIONS = NO;
				ENABLE_STRICT_OBJC_MSGSEND = YES;
				GCC_C_LANGUAGE_STANDARD = gnu11;
				GCC_NO_COMMON_BLOCKS = YES;
				GCC_WARN_64_TO_32_BIT_CONVERSION = YES;
				GCC_WARN_ABOUT_RETURN_TYPE = YES_ERROR;
				GCC_WARN_UNDECLARED_SELECTOR = YES;
				GCC_WARN_UNINITIALIZED_AUTOS = YES_AGGRESSIVE;
				GCC_WARN_UNUSED_FUNCTION = YES;
				GCC_WARN_UNUSED_VARIABLE = YES;
				IPHONEOS_DEPLOYMENT_TARGET = 15.2;
				MTL_ENABLE_DEBUG_INFO = NO;
				MTL_FAST_MATH = YES;
				SDKROOT = iphoneos;
				SWIFT_COMPILATION_MODE = wholemodule;
				SWIFT_OPTIMIZATION_LEVEL = "-O";
				VALIDATE_PRODUCT = YES;
			};
			name = Release;
		};
		93E8D41427E0736D00D6B8E8 /* Debug */ = {
			isa = XCBuildConfiguration;
			baseConfigurationReference = 370A0E31BD48E9E3DE71EFE0 /* Pods-MemeMove.debug.xcconfig */;
			buildSettings = {
				ASSETCATALOG_COMPILER_APPICON_NAME = AppIcon;
				ASSETCATALOG_COMPILER_GLOBAL_ACCENT_COLOR_NAME = AccentColor;
				CODE_SIGN_STYLE = Automatic;
				CURRENT_PROJECT_VERSION = 1;
				DEVELOPMENT_TEAM = RZ8T7M949X;
				GENERATE_INFOPLIST_FILE = YES;
				INFOPLIST_FILE = MemeMove/Info.plist;
				INFOPLIST_KEY_LSApplicationCategoryType = "";
				INFOPLIST_KEY_NSLocationWhenInUseUsageDescription = "User current location";
				INFOPLIST_KEY_UIApplicationSupportsIndirectInputEvents = YES;
				INFOPLIST_KEY_UILaunchStoryboardName = LaunchScreen;
				INFOPLIST_KEY_UIMainStoryboardFile = Main;
				INFOPLIST_KEY_UISupportedInterfaceOrientations_iPad = "UIInterfaceOrientationPortrait UIInterfaceOrientationPortraitUpsideDown UIInterfaceOrientationLandscapeLeft UIInterfaceOrientationLandscapeRight";
				INFOPLIST_KEY_UISupportedInterfaceOrientations_iPhone = "UIInterfaceOrientationPortrait UIInterfaceOrientationLandscapeLeft UIInterfaceOrientationLandscapeRight";
				IPHONEOS_DEPLOYMENT_TARGET = 15.2;
				LD_RUNPATH_SEARCH_PATHS = (
					"$(inherited)",
					"@executable_path/Frameworks",
				);
				MARKETING_VERSION = 1.0;
				PRODUCT_BUNDLE_IDENTIFIER = com.memeglobal.com.MemeMove;
				PRODUCT_NAME = "$(TARGET_NAME)";
				SWIFT_EMIT_LOC_STRINGS = YES;
				SWIFT_VERSION = 5.0;
				TARGETED_DEVICE_FAMILY = "1,2";
			};
			name = Debug;
		};
		93E8D41527E0736D00D6B8E8 /* Release */ = {
			isa = XCBuildConfiguration;
			baseConfigurationReference = BC6467566B310DF6589E7219 /* Pods-MemeMove.release.xcconfig */;
			buildSettings = {
				ASSETCATALOG_COMPILER_APPICON_NAME = AppIcon;
				ASSETCATALOG_COMPILER_GLOBAL_ACCENT_COLOR_NAME = AccentColor;
				CODE_SIGN_STYLE = Automatic;
				CURRENT_PROJECT_VERSION = 1;
				DEVELOPMENT_TEAM = RZ8T7M949X;
				GENERATE_INFOPLIST_FILE = YES;
				INFOPLIST_FILE = MemeMove/Info.plist;
				INFOPLIST_KEY_LSApplicationCategoryType = "";
				INFOPLIST_KEY_NSLocationWhenInUseUsageDescription = "User current location";
				INFOPLIST_KEY_UIApplicationSupportsIndirectInputEvents = YES;
				INFOPLIST_KEY_UILaunchStoryboardName = LaunchScreen;
				INFOPLIST_KEY_UIMainStoryboardFile = Main;
				INFOPLIST_KEY_UISupportedInterfaceOrientations_iPad = "UIInterfaceOrientationPortrait UIInterfaceOrientationPortraitUpsideDown UIInterfaceOrientationLandscapeLeft UIInterfaceOrientationLandscapeRight";
				INFOPLIST_KEY_UISupportedInterfaceOrientations_iPhone = "UIInterfaceOrientationPortrait UIInterfaceOrientationLandscapeLeft UIInterfaceOrientationLandscapeRight";
				IPHONEOS_DEPLOYMENT_TARGET = 15.2;
				LD_RUNPATH_SEARCH_PATHS = (
					"$(inherited)",
					"@executable_path/Frameworks",
				);
				MARKETING_VERSION = 1.0;
				PRODUCT_BUNDLE_IDENTIFIER = com.memeglobal.com.MemeMove;
				PRODUCT_NAME = "$(TARGET_NAME)";
				SWIFT_EMIT_LOC_STRINGS = YES;
				SWIFT_VERSION = 5.0;
				TARGETED_DEVICE_FAMILY = "1,2";
			};
			name = Release;
		};
/* End XCBuildConfiguration section */

/* Begin XCConfigurationList section */
		93E8D3FA27E0736C00D6B8E8 /* Build configuration list for PBXProject "MemeMove" */ = {
			isa = XCConfigurationList;
			buildConfigurations = (
				93E8D41127E0736D00D6B8E8 /* Debug */,
				93E8D41227E0736D00D6B8E8 /* Release */,
			);
			defaultConfigurationIsVisible = 0;
			defaultConfigurationName = Release;
		};
		93E8D41327E0736D00D6B8E8 /* Build configuration list for PBXNativeTarget "MemeMove" */ = {
			isa = XCConfigurationList;
			buildConfigurations = (
				93E8D41427E0736D00D6B8E8 /* Debug */,
				93E8D41527E0736D00D6B8E8 /* Release */,
			);
			defaultConfigurationIsVisible = 0;
			defaultConfigurationName = Release;
		};
/* End XCConfigurationList section */
	};
	rootObject = 93E8D3F727E0736C00D6B8E8 /* Project object */;
}
